# THIS IS AN AUTOGENERATED FILE. DO NOT EDIT THIS FILE DIRECTLY.
# yarn lockfile v1


auto-bind@^1.1.0:
  version "1.1.0"
  resolved "https://registry.yarnpkg.com/auto-bind/-/auto-bind-1.1.0.tgz#93b864dc7ee01a326281775d5c75ca0a751e5961"

underscore@^1.8.3:
  version "1.8.3"
  resolved "https://registry.yarnpkg.com/underscore/-/underscore-1.8.3.tgz#4f3fb53b106e6097fcf9cb4109f2a5e9bdfa5022"
